
Microsoft Visual Studio Solution File, Format Version 12.00
# Visual Studio 2017
Project("{FAE04EC0-301F-11D3-BF4B-00C04F79EFBC}") = "Competition1", "Competition1.csproj", "{BC489086-CCBF-A010-6241-90885D39F668}"
EndProject
Project("{FAE04EC0-301F-11D3-BF4B-00C04F79EFBC}") = "Competition1", "Competition1.csproj", "{BC489086-CCBF-A010-6241-90885D39F668}"
EndProject
Project("{FAE04EC0-301F-11D3-BF4B-00C04F79EFBC}") = "Competition1.Editor", "Competition1.Editor.csproj", "{5219A832-7046-89E7-D264-7DEA86348A3B}"
EndProject
Project("{FAE04EC0-301F-11D3-BF4B-00C04F79EFBC}") = "Competition1.Editor", "Competition1.Editor.csproj", "{5219A832-7046-89E7-D264-7DEA86348A3B}"
EndProject
Project("{FAE04EC0-301F-11D3-BF4B-00C04F79EFBC}") = "Competition1.Editor", "Competition1.Editor.csproj", "{5219A832-7046-89E7-D264-7DEA86348A3B}"
EndProject
Global
	GlobalSection(SolutionConfigurationPlatforms) = preSolution
		Debug|Any CPU = Debug|Any CPU
		Release|Any CPU = Release|Any CPU
	EndGlobalSection
	GlobalSection(ProjectConfigurationPlatforms) = postSolution
		{BC489086-CCBF-A010-6241-90885D39F668}.Debug|Any CPU.ActiveCfg = Debug|Any CPU
		{BC489086-CCBF-A010-6241-90885D39F668}.Debug|Any CPU.Build.0 = Debug|Any CPU
		{BC489086-CCBF-A010-6241-90885D39F668}.Release|Any CPU.ActiveCfg = Release|Any CPU
		{BC489086-CCBF-A010-6241-90885D39F668}.Release|Any CPU.Build.0 = Release|Any CPU
		{BC489086-CCBF-A010-6241-90885D39F668}.Debug|Any CPU.ActiveCfg = Debug|Any CPU
		{BC489086-CCBF-A010-6241-90885D39F668}.Debug|Any CPU.Build.0 = Debug|Any CPU
		{BC489086-CCBF-A010-6241-90885D39F668}.Release|Any CPU.ActiveCfg = Release|Any CPU
		{BC489086-CCBF-A010-6241-90885D39F668}.Release|Any CPU.Build.0 = Release|Any CPU
		{5219A832-7046-89E7-D264-7DEA86348A3B}.Debug|Any CPU.ActiveCfg = Debug|Any CPU
		{5219A832-7046-89E7-D264-7DEA86348A3B}.Debug|Any CPU.Build.0 = Debug|Any CPU
		{5219A832-7046-89E7-D264-7DEA86348A3B}.Release|Any CPU.ActiveCfg = Release|Any CPU
		{5219A832-7046-89E7-D264-7DEA86348A3B}.Release|Any CPU.Build.0 = Release|Any CPU
		{5219A832-7046-89E7-D264-7DEA86348A3B}.Debug|Any CPU.ActiveCfg = Debug|Any CPU
		{5219A832-7046-89E7-D264-7DEA86348A3B}.Debug|Any CPU.Build.0 = Debug|Any CPU
		{5219A832-7046-89E7-D264-7DEA86348A3B}.Release|Any CPU.ActiveCfg = Release|Any CPU
		{5219A832-7046-89E7-D264-7DEA86348A3B}.Release|Any CPU.Build.0 = Release|Any CPU
		{5219A832-7046-89E7-D264-7DEA86348A3B}.Debug|Any CPU.ActiveCfg = Debug|Any CPU
		{5219A832-7046-89E7-D264-7DEA86348A3B}.Debug|Any CPU.Build.0 = Debug|Any CPU
		{5219A832-7046-89E7-D264-7DEA86348A3B}.Release|Any CPU.ActiveCfg = Release|Any CPU
		{5219A832-7046-89E7-D264-7DEA86348A3B}.Release|Any CPU.Build.0 = Release|Any CPU
	EndGlobalSection
	GlobalSection(SolutionProperties) = preSolution
		HideSolutionNode = FALSE
	EndGlobalSection
EndGlobal
